
Microsoft Visual Studio Solution File, Format Version 12.00
# Visual Studio Version 17
VisualStudioVersion = 17.7.34024.191
MinimumVisualStudioVersion = 10.0.40219.1
Project("{F184B08F-C81C-45F6-A57F-5ABD9991F28F}") = "if&Else statement intro", "if&Else statement intro\if&Else statement intro.vbproj", "{E4D1870A-3E0B-4442-B5DD-E36091C63C3D}"
EndProject
Global
	GlobalSection(SolutionConfigurationPlatforms) = preSolution
		Debug|Any CPU = Debug|Any CPU
		Release|Any CPU = Release|Any CPU
	EndGlobalSection
	GlobalSection(ProjectConfigurationPlatforms) = postSolution
		{E4D1870A-3E0B-4442-B5DD-E36091C63C3D}.Debug|Any CPU.ActiveCfg = Debug|Any CPU
		{E4D1870A-3E0B-4442-B5DD-E36091C63C3D}.Debug|Any CPU.Build.0 = Debug|Any CPU
		{E4D1870A-3E0B-4442-B5DD-E36091C63C3D}.Release|Any CPU.ActiveCfg = Release|Any CPU
		{E4D1870A-3E0B-4442-B5DD-E36091C63C3D}.Release|Any CPU.Build.0 = Release|Any CPU
	EndGlobalSection
	GlobalSection(SolutionProperties) = preSolution
		HideSolutionNode = FALSE
	EndGlobalSection
	GlobalSection(ExtensibilityGlobals) = postSolution
		SolutionGuid = {4A1FBB6C-89F8-43FD-AEFF-69D5659CAEB2}
	EndGlobalSection
EndGlobal
